<?xml version="1.0" encoding="utf-8"?>
<Project ToolsVersion="4.0" xmlns="http://schemas.microsoft.com/developer/msbuild/2003">
  <ItemGroup>
    <Filter Include="Source Files">
      <UniqueIdentifier>{4FC737F1-C7A5-4376-A066-2A32D752A2FF}</UniqueIdentifier>
      <Extensions>cpp;c;cc;cxx;def;odl;idl;hpj;bat;asm;asmx</Extensions>
    </Filter>
    <Filter Include="Header Files">
      <UniqueIdentifier>{93995380-89BD-4b04-88EB-625FBE52EBFB}</UniqueIdentifier>
      <Extensions>h;hh;hpp;hxx;hm;inl;inc;xsd</Extensions>
    </Filter>
    <Filter Include="Resource Files">
      <UniqueIdentifier>{67DA6AB6-F800-4c08-8B7A-83BB121AAD01}</UniqueIdentifier>
      <Extensions>rc;ico;cur;bmp;dlg;rc2;rct;bin;rgs;gif;jpg;jpeg;jpe;resx;tiff;tif;png;wav;mfcribbon-ms</Extensions>
    </Filter>
    <Filter Include="Header Files\Shaders">
      <UniqueIdentifier>{4e3de12a-27aa-4c05-912e-8a65defb49a8}</UniqueIdentifier>
    </Filter>
    <Filter Include="Resource Files\light shaders">
      <UniqueIdentifier>{2013a94e-6741-4ab3-bb93-9ef502b0a76c}</UniqueIdentifier>
    </Filter>
    <Filter Include="Header Files\Utility">
      <UniqueIdentifier>{a95bc871-9fc7-46c4-911b-2542350eafbf}</UniqueIdentifier>
    </Filter>
    <Filter Include="Resource Files\Geometry Shaders">
      <UniqueIdentifier>{562a2028-c27b-4795-941c-dbe908f59e54}</UniqueIdentifier>
    </Filter>
    <Filter Include="Resource Files\Texture Shaders">
      <UniqueIdentifier>{176c7533-5e8d-43b7-9948-e2fd7f1feb37}</UniqueIdentifier>
    </Filter>
    <Filter Include="Header Files\ShaderModules">
      <UniqueIdentifier>{35ff11a1-1eb5-4757-b79e-98f585dc823d}</UniqueIdentifier>
    </Filter>
    <Filter Include="Source Files\ShaderModules">
      <UniqueIdentifier>{14b53fd6-d159-498a-9f0e-b9d264a4dad1}</UniqueIdentifier>
    </Filter>
    <Filter Include="Header Files\Shaders\MeshShaders">
      <UniqueIdentifier>{838c2f57-7985-4156-8030-e167c6c92d64}</UniqueIdentifier>
    </Filter>
    <Filter Include="Header Files\Shaders\MeshShaders\LightShaders">
      <UniqueIdentifier>{baafc8f0-80eb-4dca-885a-41eed7c97df2}</UniqueIdentifier>
    </Filter>
    <Filter Include="Header Files\Shaders\TextureShaders">
      <UniqueIdentifier>{fe88c998-6d8f-4dd5-b4c9-8b4ab2ae58ae}</UniqueIdentifier>
    </Filter>
    <Filter Include="Header Files\ShaderModules\GeometryShaderModules">
      <UniqueIdentifier>{408559b8-34f3-48b9-8abf-7816d18d7ed6}</UniqueIdentifier>
    </Filter>
    <Filter Include="Header Files\RenderPasses">
      <UniqueIdentifier>{7a655bd7-3691-4ecc-9f6c-b884fa6e0589}</UniqueIdentifier>
    </Filter>
    <Filter Include="Resource Files\Depth Shaders">
      <UniqueIdentifier>{a913509a-5d89-4ed9-b16a-0ca8f2c24c45}</UniqueIdentifier>
    </Filter>
    <Filter Include="Header Files\Shaders\MeshShaders\DepthShaders">
      <UniqueIdentifier>{1acae538-62a6-4232-b979-6165bd0db18f}</UniqueIdentifier>
    </Filter>
    <Filter Include="Resource Files\Shadow Shaders">
      <UniqueIdentifier>{49e64283-dd03-43b7-a0c7-519d23488b70}</UniqueIdentifier>
    </Filter>
    <Filter Include="Source Files\ShaderModules\Common Modules">
      <UniqueIdentifier>{e7def1cf-fa95-4285-8412-c47b0f8c35a0}</UniqueIdentifier>
    </Filter>
    <Filter Include="Source Files\Shaders">
      <UniqueIdentifier>{1c05ad22-aff5-4bac-a5ba-f3a05366e03e}</UniqueIdentifier>
    </Filter>
    <Filter Include="Source Files\Shaders\MeshShaders">
      <UniqueIdentifier>{9565f764-d8ac-4458-8240-078fcfe773a6}</UniqueIdentifier>
    </Filter>
    <Filter Include="Source Files\Shaders\MeshShaders\LightShaders">
      <UniqueIdentifier>{8647b47a-9331-45b7-afe3-56e0fc7655fc}</UniqueIdentifier>
    </Filter>
    <Filter Include="Source Files\Shaders\MeshShaders\DepthShaders">
      <UniqueIdentifier>{17de1eb1-621d-4570-a61b-766ed5ac874a}</UniqueIdentifier>
    </Filter>
    <Filter Include="Source Files\Shaders\TextureShaders">
      <UniqueIdentifier>{c39674f0-330a-488a-9a3e-5a9914ec23e7}</UniqueIdentifier>
    </Filter>
    <Filter Include="Source Files\ShaderModules\LightsModules">
      <UniqueIdentifier>{2dae103a-8404-4cf7-a36a-9c91c6f51561}</UniqueIdentifier>
    </Filter>
    <Filter Include="Header Files\ShaderModules\Common Modules">
      <UniqueIdentifier>{720aa882-7546-4ada-9f62-5b063dc68b03}</UniqueIdentifier>
    </Filter>
    <Filter Include="Header Files\ShaderModules\Lights Modules">
      <UniqueIdentifier>{aadc1cff-fe82-4a20-a4db-3d9928a2fd48}</UniqueIdentifier>
    </Filter>
    <Filter Include="Header Files\ShaderModules\RenderPassModules">
      <UniqueIdentifier>{090a945e-e1e1-44fe-ab2d-9b58ec5589ed}</UniqueIdentifier>
    </Filter>
    <Filter Include="Source Files\ShaderModules\Common Modules\GeometryDataModules">
      <UniqueIdentifier>{e3afc48a-f82d-49ac-b60a-d90f0c7953d7}</UniqueIdentifier>
    </Filter>
    <Filter Include="Header Files\RenderPasses\PostProcessing">
      <UniqueIdentifier>{4624c481-9c27-47b5-b972-4479c8498d62}</UniqueIdentifier>
    </Filter>
    <Filter Include="Header Files\RenderPasses\PostProcessing\BloomPasses">
      <UniqueIdentifier>{ceae27e6-dac9-4732-9e16-fb465f2b8b10}</UniqueIdentifier>
    </Filter>
    <Filter Include="Header Files\RenderPasses\BasePasses">
      <UniqueIdentifier>{e1ceab4a-4b71-4237-b7f7-42505f7c5eeb}</UniqueIdentifier>
    </Filter>
    <Filter Include="Resource Files\Texture Shaders\BloomShaders">
      <UniqueIdentifier>{da6024fe-0261-4983-b437-db30a800557f}</UniqueIdentifier>
    </Filter>
    <Filter Include="Header Files\RenderPasses\GeometryPasses">
      <UniqueIdentifier>{8ad3aef5-9985-4770-8d66-b62b74505437}</UniqueIdentifier>
    </Filter>
  </ItemGroup>
  <ItemGroup>
    <ClCompile Include="App1.cpp">
      <Filter>Source Files</Filter>
    </ClCompile>
    <ClCompile Include="Main.cpp">
      <Filter>Source Files\Shaders</Filter>
    </ClCompile>
    <ClCompile Include="HeightMapLightShader.cpp">
      <Filter>Source Files\Shaders\MeshShaders</Filter>
    </ClCompile>
    <ClCompile Include="BasicLightShader.cpp">
      <Filter>Source Files\Shaders\MeshShaders\LightShaders</Filter>
    </ClCompile>
    <ClCompile Include="TextureShader.cpp">
      <Filter>Source Files\Shaders\TextureShaders</Filter>
    </ClCompile>
    <ClCompile Include="DepthShader.cpp">
      <Filter>Source Files\Shaders\MeshShaders\DepthShaders</Filter>
    </ClCompile>
    <ClCompile Include="HeightMapDataModule.cpp">
      <Filter>Source Files\ShaderModules\Common Modules\GeometryDataModules</Filter>
    </ClCompile>
    <ClCompile Include="MatrixDataModule.cpp">
      <Filter>Source Files\ShaderModules\Common Modules\GeometryDataModules</Filter>
    </ClCompile>
    <ClCompile Include="MaterialDataModule.cpp">
      <Filter>Source Files\ShaderModules\Common Modules\GeometryDataModules</Filter>
    </ClCompile>
    <ClCompile Include="ManipulationDataModule.cpp">
      <Filter>Source Files\ShaderModules\Common Modules\GeometryDataModules</Filter>
    </ClCompile>
    <ClCompile Include="SamplerDataModule.cpp">
      <Filter>Source Files\ShaderModules\Common Modules</Filter>
    </ClCompile>
    <ClCompile Include="TextureDataModule.cpp">
      <Filter>Source Files\ShaderModules\Common Modules</Filter>
    </ClCompile>
    <ClCompile Include="CameraDataModule.cpp">
      <Filter>Source Files\ShaderModules\Common Modules</Filter>
    </ClCompile>
    <ClCompile Include="LightsDataModule.cpp">
      <Filter>Source Files\ShaderModules\LightsModules</Filter>
    </ClCompile>
    <ClCompile Include="LightDepthDataBuffer.cpp">
      <Filter>Source Files\ShaderModules\LightsModules</Filter>
    </ClCompile>
    <ClCompile Include="ShadowMapDataModule.cpp">
      <Filter>Source Files\ShaderModules\LightsModules</Filter>
    </ClCompile>
    <ClCompile Include="ShadowShader.cpp">
      <Filter>Source Files\Shaders\MeshShaders\LightShaders</Filter>
    </ClCompile>
    <ClCompile Include="HeightMapLightShader.h">
      <Filter>Header Files\Shaders\MeshShaders</Filter>
    </ClCompile>
    <ClCompile Include="HeightDepthShader.cpp">
      <Filter>Source Files\Shaders\MeshShaders\DepthShaders</Filter>
    </ClCompile>
    <ClCompile Include="HeightMapShadowShader.cpp">
      <Filter>Source Files\Shaders\MeshShaders\LightShaders</Filter>
    </ClCompile>
    <ClCompile Include="BlurPass.h">
      <Filter>Header Files\RenderPasses\PostProcessing\BloomPasses</Filter>
    </ClCompile>
  </ItemGroup>
  <ItemGroup>
    <ClInclude Include="App1.h">
      <Filter>Header Files</Filter>
    </ClInclude>
    <ClInclude Include="..\DXFramework\Material.h">
      <Filter>Header Files</Filter>
    </ClInclude>
    <ClInclude Include="TextureShader.h">
      <Filter>Header Files\Shaders\TextureShaders</Filter>
    </ClInclude>
    <ClInclude Include="BasicLightShader.h">
      <Filter>Header Files\Shaders\MeshShaders\LightShaders</Filter>
    </ClInclude>
    <ClInclude Include="HeightMapDataModule.h">
      <Filter>Header Files\ShaderModules\GeometryShaderModules</Filter>
    </ClInclude>
    <ClInclude Include="MaterialDataModule.h">
      <Filter>Header Files\ShaderModules\GeometryShaderModules</Filter>
    </ClInclude>
    <ClInclude Include="MatrixDataModule.h">
      <Filter>Header Files\ShaderModules\Common Modules</Filter>
    </ClInclude>
    <ClInclude Include="SamplerDataModule.h">
      <Filter>Header Files\ShaderModules\Common Modules</Filter>
    </ClInclude>
    <ClInclude Include="TextureDataModule.h">
      <Filter>Header Files\ShaderModules\Common Modules</Filter>
    </ClInclude>
    <ClInclude Include="ShaderInit.h">
      <Filter>Source Files\Shaders</Filter>
    </ClInclude>
    <ClInclude Include="ManipulationDataModule.h">
      <Filter>Header Files\ShaderModules\GeometryShaderModules</Filter>
    </ClInclude>
    <ClInclude Include="DepthShader.h">
      <Filter>Header Files\Shaders\MeshShaders\DepthShaders</Filter>
    </ClInclude>
    <ClInclude Include="CameraDataModule.h">
      <Filter>Header Files\ShaderModules\Common Modules</Filter>
    </ClInclude>
    <ClInclude Include="LightsDataModule.h">
      <Filter>Header Files\ShaderModules\Lights Modules</Filter>
    </ClInclude>
    <ClInclude Include="LightDepthDataBuffer.h">
      <Filter>Header Files\ShaderModules\Lights Modules</Filter>
    </ClInclude>
    <ClInclude Include="ShadowMapDataModule.h">
      <Filter>Header Files\ShaderModules\Lights Modules</Filter>
    </ClInclude>
    <ClInclude Include="HeightDepthShader.h">
      <Filter>Header Files\Shaders\MeshShaders\DepthShaders</Filter>
    </ClInclude>
    <ClInclude Include="HeightMapShadowShader.h">
      <Filter>Header Files\Shaders\MeshShaders</Filter>
    </ClInclude>
    <ClInclude Include="ShadowShader.h">
      <Filter>Header Files\Shaders\MeshShaders</Filter>
    </ClInclude>
    <ClInclude Include="ConstantBufferModule.h">
      <Filter>Header Files\ShaderModules\Common Modules</Filter>
    </ClInclude>
    <ClInclude Include="GenericShader.h">
      <Filter>Header Files\Shaders</Filter>
    </ClInclude>
    <ClInclude Include="BloomCombinePass.h">
      <Filter>Header Files\RenderPasses\PostProcessing\BloomPasses</Filter>
    </ClInclude>
    <ClInclude Include="DepthPass.h">
      <Filter>Header Files\RenderPasses\GeometryPasses</Filter>
    </ClInclude>
    <ClInclude Include="FinalPass.h">
      <Filter>Header Files\RenderPasses\PostProcessing</Filter>
    </ClInclude>
    <ClInclude Include="LightPass.h">
      <Filter>Header Files\RenderPasses\GeometryPasses</Filter>
    </ClInclude>
    <ClInclude Include="TextureToTexturePass.h">
      <Filter>Header Files\RenderPasses\BasePasses</Filter>
    </ClInclude>
    <ClInclude Include="ThresholdPass.h">
      <Filter>Header Files\RenderPasses\PostProcessing\BloomPasses</Filter>
    </ClInclude>
    <ClInclude Include="ShadowPass.h">
      <Filter>Header Files\RenderPasses\GeometryPasses</Filter>
    </ClInclude>
    <ClInclude Include="ToTexturePass.h">
      <Filter>Header Files\RenderPasses\BasePasses</Filter>
    </ClInclude>
  </ItemGroup>
  <ItemGroup>
    <FxCompile Include="shaders\light_ps.hlsl">
      <Filter>Resource Files\light shaders</Filter>
    </FxCompile>
    <FxCompile Include="shaders\light_vs.hlsl">
      <Filter>Resource Files\light shaders</Filter>
    </FxCompile>
    <FxCompile Include="shaders\heightMap_ps.hlsl">
      <Filter>Resource Files\Geometry Shaders</Filter>
    </FxCompile>
    <FxCompile Include="shaders\heightMap_vs.hlsl">
      <Filter>Resource Files\Geometry Shaders</Filter>
    </FxCompile>
    <FxCompile Include="shaders\texture_ps.hlsl">
      <Filter>Resource Files\Texture Shaders</Filter>
    </FxCompile>
    <FxCompile Include="shaders\texture_vs.hlsl">
      <Filter>Resource Files\Texture Shaders</Filter>
    </FxCompile>
    <FxCompile Include="shaders\shadow_ps.hlsl">
      <Filter>Resource Files\Shadow Shaders</Filter>
    </FxCompile>
    <FxCompile Include="shaders\shadow_vs.hlsl">
      <Filter>Resource Files\Shadow Shaders</Filter>
    </FxCompile>
    <FxCompile Include="shaders\depth_ps.hlsl">
      <Filter>Resource Files\Depth Shaders</Filter>
    </FxCompile>
    <FxCompile Include="shaders\depth_vs.hlsl">
      <Filter>Resource Files\Depth Shaders</Filter>
    </FxCompile>
    <FxCompile Include="shaders\depthHeightmap_vs.hlsl">
      <Filter>Resource Files\Depth Shaders</Filter>
    </FxCompile>
    <FxCompile Include="shaders\shadowHeightmap_ps.hlsl">
      <Filter>Resource Files\Shadow Shaders</Filter>
    </FxCompile>
    <FxCompile Include="shaders\shadowHeightmap_vs.hlsl">
      <Filter>Resource Files\Shadow Shaders</Filter>
    </FxCompile>
    <FxCompile Include="shaders\BloomCombine_ps.hlsl">
      <Filter>Resource Files\Texture Shaders\BloomShaders</Filter>
    </FxCompile>
    <FxCompile Include="shaders\BloomThreshold_ps.hlsl">
      <Filter>Resource Files\Texture Shaders\BloomShaders</Filter>
    </FxCompile>
    <FxCompile Include="shaders\GausseanBlur_ps.hlsl">
      <Filter>Resource Files\Texture Shaders\BloomShaders</Filter>
    </FxCompile>
  </ItemGroup>
  <ItemGroup>
    <None Include="shaders\lightCommon_ps.hlsl">
      <Filter>Resource Files\light shaders</Filter>
    </None>
    <None Include="shaders\shadowCommon_ps.hlsl">
      <Filter>Resource Files\Shadow Shaders</Filter>
    </None>
    <None Include="shaders\HeightMapCommon_ps.hlsl">
      <Filter>Resource Files\Geometry Shaders</Filter>
    </None>
  </ItemGroup>
</Project>