<?xml version="1.0" encoding="utf-8"?>
<Project ToolsVersion="4.0" xmlns="http://schemas.microsoft.com/developer/msbuild/2003">
  <ItemGroup>
    <Filter Include="Source Files">
      <UniqueIdentifier>{4FC737F1-C7A5-4376-A066-2A32D752A2FF}</UniqueIdentifier>
      <Extensions>cpp;c;cc;cxx;def;odl;idl;hpj;bat;asm;asmx</Extensions>
    </Filter>
    <Filter Include="Header Files">
      <UniqueIdentifier>{93995380-89BD-4b04-88EB-625FBE52EBFB}</UniqueIdentifier>
      <Extensions>h;hh;hpp;hxx;hm;inl;inc;xsd</Extensions>
    </Filter>
    <Filter Include="Resource Files">
      <UniqueIdentifier>{67DA6AB6-F800-4c08-8B7A-83BB121AAD01}</UniqueIdentifier>
      <Extensions>rc;ico;cur;bmp;dlg;rc2;rct;bin;rgs;gif;jpg;jpeg;jpe;resx;tiff;tif;png;wav;mfcribbon-ms</Extensions>
    </Filter>
    <Filter Include="Header Files\Components">
      <UniqueIdentifier>{89f81120-59be-451c-838e-51953e8afd84}</UniqueIdentifier>
    </Filter>
    <Filter Include="Source Files\Shaders">
      <UniqueIdentifier>{1c05ad22-aff5-4bac-a5ba-f3a05366e03e}</UniqueIdentifier>
    </Filter>
    <Filter Include="Header Files\Shaders">
      <UniqueIdentifier>{4e3de12a-27aa-4c05-912e-8a65defb49a8}</UniqueIdentifier>
    </Filter>
    <Filter Include="Resource Files\Colour Shaders">
      <UniqueIdentifier>{efb85c8f-a1de-44c1-8911-4e8223243e7a}</UniqueIdentifier>
    </Filter>
    <Filter Include="Resource Files\light shaders">
      <UniqueIdentifier>{2013a94e-6741-4ab3-bb93-9ef502b0a76c}</UniqueIdentifier>
    </Filter>
    <Filter Include="Header Files\Utility">
      <UniqueIdentifier>{a95bc871-9fc7-46c4-911b-2542350eafbf}</UniqueIdentifier>
    </Filter>
    <Filter Include="Resource Files\Geometry Shaders">
      <UniqueIdentifier>{562a2028-c27b-4795-941c-dbe908f59e54}</UniqueIdentifier>
    </Filter>
  </ItemGroup>
  <ItemGroup>
    <ClCompile Include="App1.cpp">
      <Filter>Source Files</Filter>
    </ClCompile>
    <ClCompile Include="staticMeshComponent.h">
      <Filter>Header Files\Components</Filter>
    </ClCompile>
    <ClCompile Include="LightShader.cpp">
      <Filter>Source Files\Shaders</Filter>
    </ClCompile>
    <ClCompile Include="ColourShader.cpp">
      <Filter>Source Files\Shaders</Filter>
    </ClCompile>
    <ClCompile Include="ColourShaderGradient.cpp">
      <Filter>Source Files\Shaders</Filter>
    </ClCompile>
    <ClCompile Include="ManipulationShader.cpp">
      <Filter>Source Files\Shaders</Filter>
    </ClCompile>
    <ClCompile Include="Main.cpp">
      <Filter>Source Files\Shaders</Filter>
    </ClCompile>
    <ClCompile Include="HeightMapShader.cpp">
      <Filter>Source Files\Shaders</Filter>
    </ClCompile>
  </ItemGroup>
  <ItemGroup>
    <ClInclude Include="ColourShader.h">
      <Filter>Header Files\Shaders</Filter>
    </ClInclude>
    <ClInclude Include="ColourShaderGradient.h">
      <Filter>Header Files\Shaders</Filter>
    </ClInclude>
    <ClInclude Include="App1.h">
      <Filter>Header Files</Filter>
    </ClInclude>
    <ClInclude Include="LightShader.h">
      <Filter>Header Files\Shaders</Filter>
    </ClInclude>
    <ClInclude Include="ImGuiHelpers.h">
      <Filter>Header Files\Utility</Filter>
    </ClInclude>
    <ClInclude Include="ManipulationShader.h">
      <Filter>Header Files\Shaders</Filter>
    </ClInclude>
    <ClInclude Include="..\DXFramework\Material.h">
      <Filter>Header Files</Filter>
    </ClInclude>
    <ClInclude Include="HeightMapShader.h">
      <Filter>Header Files\Shaders</Filter>
    </ClInclude>
  </ItemGroup>
  <ItemGroup>
    <FxCompile Include="shaders\colour_ps.hlsl">
      <Filter>Resource Files\Colour Shaders</Filter>
    </FxCompile>
    <FxCompile Include="shaders\colour_vs.hlsl">
      <Filter>Resource Files\Colour Shaders</Filter>
    </FxCompile>
    <FxCompile Include="colourGradient_ps.hlsl">
      <Filter>Resource Files\Colour Shaders</Filter>
    </FxCompile>
    <FxCompile Include="colourGradient_vs.hlsl">
      <Filter>Resource Files\Colour Shaders</Filter>
    </FxCompile>
    <FxCompile Include="shaders\light_ps.hlsl">
      <Filter>Resource Files\light shaders</Filter>
    </FxCompile>
    <FxCompile Include="shaders\light_vs.hlsl">
      <Filter>Resource Files\light shaders</Filter>
    </FxCompile>
    <FxCompile Include="shaders\manipulation_ps.hlsl">
      <Filter>Resource Files\Geometry Shaders</Filter>
    </FxCompile>
    <FxCompile Include="shaders\manipulation_vs.hlsl">
      <Filter>Resource Files\Geometry Shaders</Filter>
    </FxCompile>
    <FxCompile Include="shaders\heightMap_ps.hlsl">
      <Filter>Resource Files\Geometry Shaders</Filter>
    </FxCompile>
    <FxCompile Include="shaders\heightMap_vs.hlsl">
      <Filter>Resource Files\Geometry Shaders</Filter>
    </FxCompile>
  </ItemGroup>
</Project>